
Microsoft Visual Studio Solution File, Format Version 12.00
# Visual Studio 14
VisualStudioVersion = 14.0.25123.0
MinimumVisualStudioVersion = 10.0.40219.1
Project("{FAE04EC0-301F-11D3-BF4B-00C04F79EFBC}") = "StaySteady.Mobile.Droid", "StaySteady.Mobile\StaySteady.Mobile.Droid\StaySteady.Mobile.Droid.csproj", "{349F0160-1BB0-4B8D-AF52-F332100E439F}"
EndProject
Project("{FAE04EC0-301F-11D3-BF4B-00C04F79EFBC}") = "StaySteady.Mobile.iOS", "StaySteady.Mobile\StaySteady.Mobile.iOS\StaySteady.Mobile.iOS.csproj", "{49FAA7A0-8CDF-4192-95AC-CB99CDD01143}"
EndProject
Project("{FAE04EC0-301F-11D3-BF4B-00C04F79EFBC}") = "StaySteady.Mobile.WinPhone", "StaySteady.Mobile\StaySteady.Mobile.WinPhone\StaySteady.Mobile.WinPhone.csproj", "{FD0E63D2-167C-4A64-95D7-4498573D6F8B}"
EndProject
Project("{FAE04EC0-301F-11D3-BF4B-00C04F79EFBC}") = "StaySteady.Mobile.Windows", "StaySteady.Mobile\StaySteady.Mobile.Windows\StaySteady.Mobile.Windows.csproj", "{59A70841-BDA3-4C36-BAE5-C75696DA46EB}"
EndProject
Project("{FAE04EC0-301F-11D3-BF4B-00C04F79EFBC}") = "StaySteady.Mobile", "StaySteady.Mobile\StaySteady.Mobile\StaySteady.Mobile.csproj", "{8A102C39-C3ED-42AA-8A5F-4329314E99E2}"
EndProject
Global
	GlobalSection(SolutionConfigurationPlatforms) = preSolution
		Ad-Hoc|Any CPU = Ad-Hoc|Any CPU
		Ad-Hoc|ARM = Ad-Hoc|ARM
		Ad-Hoc|iPhone = Ad-Hoc|iPhone
		Ad-Hoc|iPhoneSimulator = Ad-Hoc|iPhoneSimulator
		Ad-Hoc|x64 = Ad-Hoc|x64
		Ad-Hoc|x86 = Ad-Hoc|x86
		AppStore|Any CPU = AppStore|Any CPU
		AppStore|ARM = AppStore|ARM
		AppStore|iPhone = AppStore|iPhone
		AppStore|iPhoneSimulator = AppStore|iPhoneSimulator
		AppStore|x64 = AppStore|x64
		AppStore|x86 = AppStore|x86
		Debug|Any CPU = Debug|Any CPU
		Debug|ARM = Debug|ARM
		Debug|iPhone = Debug|iPhone
		Debug|iPhoneSimulator = Debug|iPhoneSimulator
		Debug|x64 = Debug|x64
		Debug|x86 = Debug|x86
		Release|Any CPU = Release|Any CPU
		Release|ARM = Release|ARM
		Release|iPhone = Release|iPhone
		Release|iPhoneSimulator = Release|iPhoneSimulator
		Release|x64 = Release|x64
		Release|x86 = Release|x86
	EndGlobalSection
	GlobalSection(ProjectConfigurationPlatforms) = postSolution
		{349F0160-1BB0-4B8D-AF52-F332100E439F}.Ad-Hoc|Any CPU.ActiveCfg = Release|Any CPU
		{349F0160-1BB0-4B8D-AF52-F332100E439F}.Ad-Hoc|Any CPU.Build.0 = Release|Any CPU
		{349F0160-1BB0-4B8D-AF52-F332100E439F}.Ad-Hoc|Any CPU.Deploy.0 = Release|Any CPU
		{349F0160-1BB0-4B8D-AF52-F332100E439F}.Ad-Hoc|ARM.ActiveCfg = Release|Any CPU
		{349F0160-1BB0-4B8D-AF52-F332100E439F}.Ad-Hoc|ARM.Build.0 = Release|Any CPU
		{349F0160-1BB0-4B8D-AF52-F332100E439F}.Ad-Hoc|ARM.Deploy.0 = Release|Any CPU
		{349F0160-1BB0-4B8D-AF52-F332100E439F}.Ad-Hoc|iPhone.ActiveCfg = Release|Any CPU
		{349F0160-1BB0-4B8D-AF52-F332100E439F}.Ad-Hoc|iPhone.Build.0 = Release|Any CPU
		{349F0160-1BB0-4B8D-AF52-F332100E439F}.Ad-Hoc|iPhone.Deploy.0 = Release|Any CPU
		{349F0160-1BB0-4B8D-AF52-F332100E439F}.Ad-Hoc|iPhoneSimulator.ActiveCfg = Release|Any CPU
		{349F0160-1BB0-4B8D-AF52-F332100E439F}.Ad-Hoc|iPhoneSimulator.Build.0 = Release|Any CPU
		{349F0160-1BB0-4B8D-AF52-F332100E439F}.Ad-Hoc|iPhoneSimulator.Deploy.0 = Release|Any CPU
		{349F0160-1BB0-4B8D-AF52-F332100E439F}.Ad-Hoc|x64.ActiveCfg = Release|Any CPU
		{349F0160-1BB0-4B8D-AF52-F332100E439F}.Ad-Hoc|x64.Build.0 = Release|Any CPU
		{349F0160-1BB0-4B8D-AF52-F332100E439F}.Ad-Hoc|x64.Deploy.0 = Release|Any CPU
		{349F0160-1BB0-4B8D-AF52-F332100E439F}.Ad-Hoc|x86.ActiveCfg = Release|Any CPU
		{349F0160-1BB0-4B8D-AF52-F332100E439F}.Ad-Hoc|x86.Build.0 = Release|Any CPU
		{349F0160-1BB0-4B8D-AF52-F332100E439F}.Ad-Hoc|x86.Deploy.0 = Release|Any CPU
		{349F0160-1BB0-4B8D-AF52-F332100E439F}.AppStore|Any CPU.ActiveCfg = Release|Any CPU
		{349F0160-1BB0-4B8D-AF52-F332100E439F}.AppStore|Any CPU.Build.0 = Release|Any CPU
		{349F0160-1BB0-4B8D-AF52-F332100E439F}.AppStore|Any CPU.Deploy.0 = Release|Any CPU
		{349F0160-1BB0-4B8D-AF52-F332100E439F}.AppStore|ARM.ActiveCfg = Release|Any CPU
		{349F0160-1BB0-4B8D-AF52-F332100E439F}.AppStore|ARM.Build.0 = Release|Any CPU
		{349F0160-1BB0-4B8D-AF52-F332100E439F}.AppStore|ARM.Deploy.0 = Release|Any CPU
		{349F0160-1BB0-4B8D-AF52-F332100E439F}.AppStore|iPhone.ActiveCfg = Release|Any CPU
		{349F0160-1BB0-4B8D-AF52-F332100E439F}.AppStore|iPhone.Build.0 = Release|Any CPU
		{349F0160-1BB0-4B8D-AF52-F332100E439F}.AppStore|iPhone.Deploy.0 = Release|Any CPU
		{349F0160-1BB0-4B8D-AF52-F332100E439F}.AppStore|iPhoneSimulator.ActiveCfg = Release|Any CPU
		{349F0160-1BB0-4B8D-AF52-F332100E439F}.AppStore|iPhoneSimulator.Build.0 = Release|Any CPU
		{349F0160-1BB0-4B8D-AF52-F332100E439F}.AppStore|iPhoneSimulator.Deploy.0 = Release|Any CPU
		{349F0160-1BB0-4B8D-AF52-F332100E439F}.AppStore|x64.ActiveCfg = Release|Any CPU
		{349F0160-1BB0-4B8D-AF52-F332100E439F}.AppStore|x64.Build.0 = Release|Any CPU
		{349F0160-1BB0-4B8D-AF52-F332100E439F}.AppStore|x64.Deploy.0 = Release|Any CPU
		{349F0160-1BB0-4B8D-AF52-F332100E439F}.AppStore|x86.ActiveCfg = Release|Any CPU
		{349F0160-1BB0-4B8D-AF52-F332100E439F}.AppStore|x86.Build.0 = Release|Any CPU
		{349F0160-1BB0-4B8D-AF52-F332100E439F}.AppStore|x86.Deploy.0 = Release|Any CPU
		{349F0160-1BB0-4B8D-AF52-F332100E439F}.Debug|Any CPU.ActiveCfg = Debug|Any CPU
		{349F0160-1BB0-4B8D-AF52-F332100E439F}.Debug|Any CPU.Build.0 = Debug|Any CPU
		{349F0160-1BB0-4B8D-AF52-F332100E439F}.Debug|Any CPU.Deploy.0 = Debug|Any CPU
		{349F0160-1BB0-4B8D-AF52-F332100E439F}.Debug|ARM.ActiveCfg = Debug|Any CPU
		{349F0160-1BB0-4B8D-AF52-F332100E439F}.Debug|ARM.Build.0 = Debug|Any CPU
		{349F0160-1BB0-4B8D-AF52-F332100E439F}.Debug|ARM.Deploy.0 = Debug|Any CPU
		{349F0160-1BB0-4B8D-AF52-F332100E439F}.Debug|iPhone.ActiveCfg = Debug|Any CPU
		{349F0160-1BB0-4B8D-AF52-F332100E439F}.Debug|iPhone.Build.0 = Debug|Any CPU
		{349F0160-1BB0-4B8D-AF52-F332100E439F}.Debug|iPhone.Deploy.0 = Debug|Any CPU
		{349F0160-1BB0-4B8D-AF52-F332100E439F}.Debug|iPhoneSimulator.ActiveCfg = Debug|Any CPU
		{349F0160-1BB0-4B8D-AF52-F332100E439F}.Debug|iPhoneSimulator.Build.0 = Debug|Any CPU
		{349F0160-1BB0-4B8D-AF52-F332100E439F}.Debug|iPhoneSimulator.Deploy.0 = Debug|Any CPU
		{349F0160-1BB0-4B8D-AF52-F332100E439F}.Debug|x64.ActiveCfg = Debug|Any CPU
		{349F0160-1BB0-4B8D-AF52-F332100E439F}.Debug|x64.Build.0 = Debug|Any CPU
		{349F0160-1BB0-4B8D-AF52-F332100E439F}.Debug|x64.Deploy.0 = Debug|Any CPU
		{349F0160-1BB0-4B8D-AF52-F332100E439F}.Debug|x86.ActiveCfg = Debug|Any CPU
		{349F0160-1BB0-4B8D-AF52-F332100E439F}.Debug|x86.Build.0 = Debug|Any CPU
		{349F0160-1BB0-4B8D-AF52-F332100E439F}.Debug|x86.Deploy.0 = Debug|Any CPU
		{349F0160-1BB0-4B8D-AF52-F332100E439F}.Release|Any CPU.ActiveCfg = Release|Any CPU
		{349F0160-1BB0-4B8D-AF52-F332100E439F}.Release|Any CPU.Build.0 = Release|Any CPU
		{349F0160-1BB0-4B8D-AF52-F332100E439F}.Release|Any CPU.Deploy.0 = Release|Any CPU
		{349F0160-1BB0-4B8D-AF52-F332100E439F}.Release|ARM.ActiveCfg = Release|Any CPU
		{349F0160-1BB0-4B8D-AF52-F332100E439F}.Release|ARM.Build.0 = Release|Any CPU
		{349F0160-1BB0-4B8D-AF52-F332100E439F}.Release|ARM.Deploy.0 = Release|Any CPU
		{349F0160-1BB0-4B8D-AF52-F332100E439F}.Release|iPhone.ActiveCfg = Release|Any CPU
		{349F0160-1BB0-4B8D-AF52-F332100E439F}.Release|iPhone.Build.0 = Release|Any CPU
		{349F0160-1BB0-4B8D-AF52-F332100E439F}.Release|iPhone.Deploy.0 = Release|Any CPU
		{349F0160-1BB0-4B8D-AF52-F332100E439F}.Release|iPhoneSimulator.ActiveCfg = Release|Any CPU
		{349F0160-1BB0-4B8D-AF52-F332100E439F}.Release|iPhoneSimulator.Build.0 = Release|Any CPU
		{349F0160-1BB0-4B8D-AF52-F332100E439F}.Release|iPhoneSimulator.Deploy.0 = Release|Any CPU
		{349F0160-1BB0-4B8D-AF52-F332100E439F}.Release|x64.ActiveCfg = Release|Any CPU
		{349F0160-1BB0-4B8D-AF52-F332100E439F}.Release|x64.Build.0 = Release|Any CPU
		{349F0160-1BB0-4B8D-AF52-F332100E439F}.Release|x64.Deploy.0 = Release|Any CPU
		{349F0160-1BB0-4B8D-AF52-F332100E439F}.Release|x86.ActiveCfg = Release|Any CPU
		{349F0160-1BB0-4B8D-AF52-F332100E439F}.Release|x86.Build.0 = Release|Any CPU
		{349F0160-1BB0-4B8D-AF52-F332100E439F}.Release|x86.Deploy.0 = Release|Any CPU
		{49FAA7A0-8CDF-4192-95AC-CB99CDD01143}.Ad-Hoc|Any CPU.ActiveCfg = Ad-Hoc|iPhone
		{49FAA7A0-8CDF-4192-95AC-CB99CDD01143}.Ad-Hoc|ARM.ActiveCfg = Ad-Hoc|iPhone
		{49FAA7A0-8CDF-4192-95AC-CB99CDD01143}.Ad-Hoc|iPhone.ActiveCfg = Ad-Hoc|iPhone
		{49FAA7A0-8CDF-4192-95AC-CB99CDD01143}.Ad-Hoc|iPhone.Build.0 = Ad-Hoc|iPhone
		{49FAA7A0-8CDF-4192-95AC-CB99CDD01143}.Ad-Hoc|iPhoneSimulator.ActiveCfg = Ad-Hoc|iPhoneSimulator
		{49FAA7A0-8CDF-4192-95AC-CB99CDD01143}.Ad-Hoc|iPhoneSimulator.Build.0 = Ad-Hoc|iPhoneSimulator
		{49FAA7A0-8CDF-4192-95AC-CB99CDD01143}.Ad-Hoc|x64.ActiveCfg = Ad-Hoc|iPhone
		{49FAA7A0-8CDF-4192-95AC-CB99CDD01143}.Ad-Hoc|x86.ActiveCfg = Ad-Hoc|iPhone
		{49FAA7A0-8CDF-4192-95AC-CB99CDD01143}.AppStore|Any CPU.ActiveCfg = AppStore|iPhone
		{49FAA7A0-8CDF-4192-95AC-CB99CDD01143}.AppStore|ARM.ActiveCfg = AppStore|iPhone
		{49FAA7A0-8CDF-4192-95AC-CB99CDD01143}.AppStore|iPhone.ActiveCfg = AppStore|iPhone
		{49FAA7A0-8CDF-4192-95AC-CB99CDD01143}.AppStore|iPhone.Build.0 = AppStore|iPhone
		{49FAA7A0-8CDF-4192-95AC-CB99CDD01143}.AppStore|iPhoneSimulator.ActiveCfg = AppStore|iPhoneSimulator
		{49FAA7A0-8CDF-4192-95AC-CB99CDD01143}.AppStore|iPhoneSimulator.Build.0 = AppStore|iPhoneSimulator
		{49FAA7A0-8CDF-4192-95AC-CB99CDD01143}.AppStore|x64.ActiveCfg = AppStore|iPhone
		{49FAA7A0-8CDF-4192-95AC-CB99CDD01143}.AppStore|x86.ActiveCfg = AppStore|iPhone
		{49FAA7A0-8CDF-4192-95AC-CB99CDD01143}.Debug|Any CPU.ActiveCfg = Debug|iPhone
		{49FAA7A0-8CDF-4192-95AC-CB99CDD01143}.Debug|ARM.ActiveCfg = Debug|iPhone
		{49FAA7A0-8CDF-4192-95AC-CB99CDD01143}.Debug|iPhone.ActiveCfg = Debug|iPhone
		{49FAA7A0-8CDF-4192-95AC-CB99CDD01143}.Debug|iPhone.Build.0 = Debug|iPhone
		{49FAA7A0-8CDF-4192-95AC-CB99CDD01143}.Debug|iPhoneSimulator.ActiveCfg = Debug|iPhoneSimulator
		{49FAA7A0-8CDF-4192-95AC-CB99CDD01143}.Debug|iPhoneSimulator.Build.0 = Debug|iPhoneSimulator
		{49FAA7A0-8CDF-4192-95AC-CB99CDD01143}.Debug|x64.ActiveCfg = Debug|iPhone
		{49FAA7A0-8CDF-4192-95AC-CB99CDD01143}.Debug|x86.ActiveCfg = Debug|iPhone
		{49FAA7A0-8CDF-4192-95AC-CB99CDD01143}.Release|Any CPU.ActiveCfg = Release|iPhone
		{49FAA7A0-8CDF-4192-95AC-CB99CDD01143}.Release|ARM.ActiveCfg = Release|iPhone
		{49FAA7A0-8CDF-4192-95AC-CB99CDD01143}.Release|iPhone.ActiveCfg = Release|iPhone
		{49FAA7A0-8CDF-4192-95AC-CB99CDD01143}.Release|iPhone.Build.0 = Release|iPhone
		{49FAA7A0-8CDF-4192-95AC-CB99CDD01143}.Release|iPhoneSimulator.ActiveCfg = Release|iPhoneSimulator
		{49FAA7A0-8CDF-4192-95AC-CB99CDD01143}.Release|iPhoneSimulator.Build.0 = Release|iPhoneSimulator
		{49FAA7A0-8CDF-4192-95AC-CB99CDD01143}.Release|x64.ActiveCfg = Release|iPhone
		{49FAA7A0-8CDF-4192-95AC-CB99CDD01143}.Release|x86.ActiveCfg = Release|iPhone
		{FD0E63D2-167C-4A64-95D7-4498573D6F8B}.Ad-Hoc|Any CPU.ActiveCfg = Release|Any CPU
		{FD0E63D2-167C-4A64-95D7-4498573D6F8B}.Ad-Hoc|Any CPU.Build.0 = Release|Any CPU
		{FD0E63D2-167C-4A64-95D7-4498573D6F8B}.Ad-Hoc|Any CPU.Deploy.0 = Release|Any CPU
		{FD0E63D2-167C-4A64-95D7-4498573D6F8B}.Ad-Hoc|ARM.ActiveCfg = Release|ARM
		{FD0E63D2-167C-4A64-95D7-4498573D6F8B}.Ad-Hoc|ARM.Build.0 = Release|ARM
		{FD0E63D2-167C-4A64-95D7-4498573D6F8B}.Ad-Hoc|ARM.Deploy.0 = Release|ARM
		{FD0E63D2-167C-4A64-95D7-4498573D6F8B}.Ad-Hoc|iPhone.ActiveCfg = Release|Any CPU
		{FD0E63D2-167C-4A64-95D7-4498573D6F8B}.Ad-Hoc|iPhone.Build.0 = Release|Any CPU
		{FD0E63D2-167C-4A64-95D7-4498573D6F8B}.Ad-Hoc|iPhone.Deploy.0 = Release|Any CPU
		{FD0E63D2-167C-4A64-95D7-4498573D6F8B}.Ad-Hoc|iPhoneSimulator.ActiveCfg = Release|Any CPU
		{FD0E63D2-167C-4A64-95D7-4498573D6F8B}.Ad-Hoc|iPhoneSimulator.Build.0 = Release|Any CPU
		{FD0E63D2-167C-4A64-95D7-4498573D6F8B}.Ad-Hoc|iPhoneSimulator.Deploy.0 = Release|Any CPU
		{FD0E63D2-167C-4A64-95D7-4498573D6F8B}.Ad-Hoc|x64.ActiveCfg = Release|Any CPU
		{FD0E63D2-167C-4A64-95D7-4498573D6F8B}.Ad-Hoc|x64.Build.0 = Release|Any CPU
		{FD0E63D2-167C-4A64-95D7-4498573D6F8B}.Ad-Hoc|x64.Deploy.0 = Release|Any CPU
		{FD0E63D2-167C-4A64-95D7-4498573D6F8B}.Ad-Hoc|x86.ActiveCfg = Release|x86
		{FD0E63D2-167C-4A64-95D7-4498573D6F8B}.Ad-Hoc|x86.Build.0 = Release|x86
		{FD0E63D2-167C-4A64-95D7-4498573D6F8B}.Ad-Hoc|x86.Deploy.0 = Release|x86
		{FD0E63D2-167C-4A64-95D7-4498573D6F8B}.AppStore|Any CPU.ActiveCfg = Release|Any CPU
		{FD0E63D2-167C-4A64-95D7-4498573D6F8B}.AppStore|Any CPU.Build.0 = Release|Any CPU
		{FD0E63D2-167C-4A64-95D7-4498573D6F8B}.AppStore|Any CPU.Deploy.0 = Release|Any CPU
		{FD0E63D2-167C-4A64-95D7-4498573D6F8B}.AppStore|ARM.ActiveCfg = Release|ARM
		{FD0E63D2-167C-4A64-95D7-4498573D6F8B}.AppStore|ARM.Build.0 = Release|ARM
		{FD0E63D2-167C-4A64-95D7-4498573D6F8B}.AppStore|ARM.Deploy.0 = Release|ARM
		{FD0E63D2-167C-4A64-95D7-4498573D6F8B}.AppStore|iPhone.ActiveCfg = Release|Any CPU
		{FD0E63D2-167C-4A64-95D7-4498573D6F8B}.AppStore|iPhone.Build.0 = Release|Any CPU
		{FD0E63D2-167C-4A64-95D7-4498573D6F8B}.AppStore|iPhone.Deploy.0 = Release|Any CPU
		{FD0E63D2-167C-4A64-95D7-4498573D6F8B}.AppStore|iPhoneSimulator.ActiveCfg = Release|Any CPU
		{FD0E63D2-167C-4A64-95D7-4498573D6F8B}.AppStore|iPhoneSimulator.Build.0 = Release|Any CPU
		{FD0E63D2-167C-4A64-95D7-4498573D6F8B}.AppStore|iPhoneSimulator.Deploy.0 = Release|Any CPU
		{FD0E63D2-167C-4A64-95D7-4498573D6F8B}.AppStore|x64.ActiveCfg = Release|Any CPU
		{FD0E63D2-167C-4A64-95D7-4498573D6F8B}.AppStore|x64.Build.0 = Release|Any CPU
		{FD0E63D2-167C-4A64-95D7-4498573D6F8B}.AppStore|x64.Deploy.0 = Release|Any CPU
		{FD0E63D2-167C-4A64-95D7-4498573D6F8B}.AppStore|x86.ActiveCfg = Release|x86
		{FD0E63D2-167C-4A64-95D7-4498573D6F8B}.AppStore|x86.Build.0 = Release|x86
		{FD0E63D2-167C-4A64-95D7-4498573D6F8B}.AppStore|x86.Deploy.0 = Release|x86
		{FD0E63D2-167C-4A64-95D7-4498573D6F8B}.Debug|Any CPU.ActiveCfg = Debug|Any CPU
		{FD0E63D2-167C-4A64-95D7-4498573D6F8B}.Debug|Any CPU.Build.0 = Debug|Any CPU
		{FD0E63D2-167C-4A64-95D7-4498573D6F8B}.Debug|Any CPU.Deploy.0 = Debug|Any CPU
		{FD0E63D2-167C-4A64-95D7-4498573D6F8B}.Debug|ARM.ActiveCfg = Debug|ARM
		{FD0E63D2-167C-4A64-95D7-4498573D6F8B}.Debug|ARM.Build.0 = Debug|ARM
		{FD0E63D2-167C-4A64-95D7-4498573D6F8B}.Debug|ARM.Deploy.0 = Debug|ARM
		{FD0E63D2-167C-4A64-95D7-4498573D6F8B}.Debug|iPhone.ActiveCfg = Debug|Any CPU
		{FD0E63D2-167C-4A64-95D7-4498573D6F8B}.Debug|iPhone.Build.0 = Debug|Any CPU
		{FD0E63D2-167C-4A64-95D7-4498573D6F8B}.Debug|iPhone.Deploy.0 = Debug|Any CPU
		{FD0E63D2-167C-4A64-95D7-4498573D6F8B}.Debug|iPhoneSimulator.ActiveCfg = Debug|Any CPU
		{FD0E63D2-167C-4A64-95D7-4498573D6F8B}.Debug|iPhoneSimulator.Build.0 = Debug|Any CPU
		{FD0E63D2-167C-4A64-95D7-4498573D6F8B}.Debug|iPhoneSimulator.Deploy.0 = Debug|Any CPU
		{FD0E63D2-167C-4A64-95D7-4498573D6F8B}.Debug|x64.ActiveCfg = Debug|Any CPU
		{FD0E63D2-167C-4A64-95D7-4498573D6F8B}.Debug|x64.Build.0 = Debug|Any CPU
		{FD0E63D2-167C-4A64-95D7-4498573D6F8B}.Debug|x64.Deploy.0 = Debug|Any CPU
		{FD0E63D2-167C-4A64-95D7-4498573D6F8B}.Debug|x86.ActiveCfg = Debug|x86
		{FD0E63D2-167C-4A64-95D7-4498573D6F8B}.Debug|x86.Build.0 = Debug|x86
		{FD0E63D2-167C-4A64-95D7-4498573D6F8B}.Debug|x86.Deploy.0 = Debug|x86
		{FD0E63D2-167C-4A64-95D7-4498573D6F8B}.Release|Any CPU.ActiveCfg = Release|Any CPU
		{FD0E63D2-167C-4A64-95D7-4498573D6F8B}.Release|Any CPU.Build.0 = Release|Any CPU
		{FD0E63D2-167C-4A64-95D7-4498573D6F8B}.Release|Any CPU.Deploy.0 = Release|Any CPU
		{FD0E63D2-167C-4A64-95D7-4498573D6F8B}.Release|ARM.ActiveCfg = Release|ARM
		{FD0E63D2-167C-4A64-95D7-4498573D6F8B}.Release|ARM.Build.0 = Release|ARM
		{FD0E63D2-167C-4A64-95D7-4498573D6F8B}.Release|ARM.Deploy.0 = Release|ARM
		{FD0E63D2-167C-4A64-95D7-4498573D6F8B}.Release|iPhone.ActiveCfg = Release|Any CPU
		{FD0E63D2-167C-4A64-95D7-4498573D6F8B}.Release|iPhone.Build.0 = Release|Any CPU
		{FD0E63D2-167C-4A64-95D7-4498573D6F8B}.Release|iPhone.Deploy.0 = Release|Any CPU
		{FD0E63D2-167C-4A64-95D7-4498573D6F8B}.Release|iPhoneSimulator.ActiveCfg = Release|Any CPU
		{FD0E63D2-167C-4A64-95D7-4498573D6F8B}.Release|iPhoneSimulator.Build.0 = Release|Any CPU
		{FD0E63D2-167C-4A64-95D7-4498573D6F8B}.Release|iPhoneSimulator.Deploy.0 = Release|Any CPU
		{FD0E63D2-167C-4A64-95D7-4498573D6F8B}.Release|x64.ActiveCfg = Release|Any CPU
		{FD0E63D2-167C-4A64-95D7-4498573D6F8B}.Release|x64.Build.0 = Release|Any CPU
		{FD0E63D2-167C-4A64-95D7-4498573D6F8B}.Release|x64.Deploy.0 = Release|Any CPU
		{FD0E63D2-167C-4A64-95D7-4498573D6F8B}.Release|x86.ActiveCfg = Release|x86
		{FD0E63D2-167C-4A64-95D7-4498573D6F8B}.Release|x86.Build.0 = Release|x86
		{FD0E63D2-167C-4A64-95D7-4498573D6F8B}.Release|x86.Deploy.0 = Release|x86
		{59A70841-BDA3-4C36-BAE5-C75696DA46EB}.Ad-Hoc|Any CPU.ActiveCfg = Release|Any CPU
		{59A70841-BDA3-4C36-BAE5-C75696DA46EB}.Ad-Hoc|Any CPU.Build.0 = Release|Any CPU
		{59A70841-BDA3-4C36-BAE5-C75696DA46EB}.Ad-Hoc|Any CPU.Deploy.0 = Release|Any CPU
		{59A70841-BDA3-4C36-BAE5-C75696DA46EB}.Ad-Hoc|ARM.ActiveCfg = Release|ARM
		{59A70841-BDA3-4C36-BAE5-C75696DA46EB}.Ad-Hoc|ARM.Build.0 = Release|ARM
		{59A70841-BDA3-4C36-BAE5-C75696DA46EB}.Ad-Hoc|ARM.Deploy.0 = Release|ARM
		{59A70841-BDA3-4C36-BAE5-C75696DA46EB}.Ad-Hoc|iPhone.ActiveCfg = Release|Any CPU
		{59A70841-BDA3-4C36-BAE5-C75696DA46EB}.Ad-Hoc|iPhone.Build.0 = Release|Any CPU
		{59A70841-BDA3-4C36-BAE5-C75696DA46EB}.Ad-Hoc|iPhone.Deploy.0 = Release|Any CPU
		{59A70841-BDA3-4C36-BAE5-C75696DA46EB}.Ad-Hoc|iPhoneSimulator.ActiveCfg = Release|Any CPU
		{59A70841-BDA3-4C36-BAE5-C75696DA46EB}.Ad-Hoc|iPhoneSimulator.Build.0 = Release|Any CPU
		{59A70841-BDA3-4C36-BAE5-C75696DA46EB}.Ad-Hoc|iPhoneSimulator.Deploy.0 = Release|Any CPU
		{59A70841-BDA3-4C36-BAE5-C75696DA46EB}.Ad-Hoc|x64.ActiveCfg = Release|x64
		{59A70841-BDA3-4C36-BAE5-C75696DA46EB}.Ad-Hoc|x64.Build.0 = Release|x64
		{59A70841-BDA3-4C36-BAE5-C75696DA46EB}.Ad-Hoc|x64.Deploy.0 = Release|x64
		{59A70841-BDA3-4C36-BAE5-C75696DA46EB}.Ad-Hoc|x86.ActiveCfg = Release|x86
		{59A70841-BDA3-4C36-BAE5-C75696DA46EB}.Ad-Hoc|x86.Build.0 = Release|x86
		{59A70841-BDA3-4C36-BAE5-C75696DA46EB}.Ad-Hoc|x86.Deploy.0 = Release|x86
		{59A70841-BDA3-4C36-BAE5-C75696DA46EB}.AppStore|Any CPU.ActiveCfg = Release|Any CPU
		{59A70841-BDA3-4C36-BAE5-C75696DA46EB}.AppStore|Any CPU.Build.0 = Release|Any CPU
		{59A70841-BDA3-4C36-BAE5-C75696DA46EB}.AppStore|Any CPU.Deploy.0 = Release|Any CPU
		{59A70841-BDA3-4C36-BAE5-C75696DA46EB}.AppStore|ARM.ActiveCfg = Release|ARM
		{59A70841-BDA3-4C36-BAE5-C75696DA46EB}.AppStore|ARM.Build.0 = Release|ARM
		{59A70841-BDA3-4C36-BAE5-C75696DA46EB}.AppStore|ARM.Deploy.0 = Release|ARM
		{59A70841-BDA3-4C36-BAE5-C75696DA46EB}.AppStore|iPhone.ActiveCfg = Release|Any CPU
		{59A70841-BDA3-4C36-BAE5-C75696DA46EB}.AppStore|iPhone.Build.0 = Release|Any CPU
		{59A70841-BDA3-4C36-BAE5-C75696DA46EB}.AppStore|iPhone.Deploy.0 = Release|Any CPU
		{59A70841-BDA3-4C36-BAE5-C75696DA46EB}.AppStore|iPhoneSimulator.ActiveCfg = Release|Any CPU
		{59A70841-BDA3-4C36-BAE5-C75696DA46EB}.AppStore|iPhoneSimulator.Build.0 = Release|Any CPU
		{59A70841-BDA3-4C36-BAE5-C75696DA46EB}.AppStore|iPhoneSimulator.Deploy.0 = Release|Any CPU
		{59A70841-BDA3-4C36-BAE5-C75696DA46EB}.AppStore|x64.ActiveCfg = Release|x64
		{59A70841-BDA3-4C36-BAE5-C75696DA46EB}.AppStore|x64.Build.0 = Release|x64
		{59A70841-BDA3-4C36-BAE5-C75696DA46EB}.AppStore|x64.Deploy.0 = Release|x64
		{59A70841-BDA3-4C36-BAE5-C75696DA46EB}.AppStore|x86.ActiveCfg = Release|x86
		{59A70841-BDA3-4C36-BAE5-C75696DA46EB}.AppStore|x86.Build.0 = Release|x86
		{59A70841-BDA3-4C36-BAE5-C75696DA46EB}.AppStore|x86.Deploy.0 = Release|x86
		{59A70841-BDA3-4C36-BAE5-C75696DA46EB}.Debug|Any CPU.ActiveCfg = Debug|Any CPU
		{59A70841-BDA3-4C36-BAE5-C75696DA46EB}.Debug|Any CPU.Build.0 = Debug|Any CPU
		{59A70841-BDA3-4C36-BAE5-C75696DA46EB}.Debug|Any CPU.Deploy.0 = Debug|Any CPU
		{59A70841-BDA3-4C36-BAE5-C75696DA46EB}.Debug|ARM.ActiveCfg = Debug|ARM
		{59A70841-BDA3-4C36-BAE5-C75696DA46EB}.Debug|ARM.Build.0 = Debug|ARM
		{59A70841-BDA3-4C36-BAE5-C75696DA46EB}.Debug|ARM.Deploy.0 = Debug|ARM
		{59A70841-BDA3-4C36-BAE5-C75696DA46EB}.Debug|iPhone.ActiveCfg = Debug|Any CPU
		{59A70841-BDA3-4C36-BAE5-C75696DA46EB}.Debug|iPhone.Build.0 = Debug|Any CPU
		{59A70841-BDA3-4C36-BAE5-C75696DA46EB}.Debug|iPhone.Deploy.0 = Debug|Any CPU
		{59A70841-BDA3-4C36-BAE5-C75696DA46EB}.Debug|iPhoneSimulator.ActiveCfg = Debug|Any CPU
		{59A70841-BDA3-4C36-BAE5-C75696DA46EB}.Debug|iPhoneSimulator.Build.0 = Debug|Any CPU
		{59A70841-BDA3-4C36-BAE5-C75696DA46EB}.Debug|iPhoneSimulator.Deploy.0 = Debug|Any CPU
		{59A70841-BDA3-4C36-BAE5-C75696DA46EB}.Debug|x64.ActiveCfg = Debug|x64
		{59A70841-BDA3-4C36-BAE5-C75696DA46EB}.Debug|x64.Build.0 = Debug|x64
		{59A70841-BDA3-4C36-BAE5-C75696DA46EB}.Debug|x64.Deploy.0 = Debug|x64
		{59A70841-BDA3-4C36-BAE5-C75696DA46EB}.Debug|x86.ActiveCfg = Debug|x86
		{59A70841-BDA3-4C36-BAE5-C75696DA46EB}.Debug|x86.Build.0 = Debug|x86
		{59A70841-BDA3-4C36-BAE5-C75696DA46EB}.Debug|x86.Deploy.0 = Debug|x86
		{59A70841-BDA3-4C36-BAE5-C75696DA46EB}.Release|Any CPU.ActiveCfg = Release|Any CPU
		{59A70841-BDA3-4C36-BAE5-C75696DA46EB}.Release|Any CPU.Build.0 = Release|Any CPU
		{59A70841-BDA3-4C36-BAE5-C75696DA46EB}.Release|Any CPU.Deploy.0 = Release|Any CPU
		{59A70841-BDA3-4C36-BAE5-C75696DA46EB}.Release|ARM.ActiveCfg = Release|ARM
		{59A70841-BDA3-4C36-BAE5-C75696DA46EB}.Release|ARM.Build.0 = Release|ARM
		{59A70841-BDA3-4C36-BAE5-C75696DA46EB}.Release|ARM.Deploy.0 = Release|ARM
		{59A70841-BDA3-4C36-BAE5-C75696DA46EB}.Release|iPhone.ActiveCfg = Release|Any CPU
		{59A70841-BDA3-4C36-BAE5-C75696DA46EB}.Release|iPhone.Build.0 = Release|Any CPU
		{59A70841-BDA3-4C36-BAE5-C75696DA46EB}.Release|iPhone.Deploy.0 = Release|Any CPU
		{59A70841-BDA3-4C36-BAE5-C75696DA46EB}.Release|iPhoneSimulator.ActiveCfg = Release|Any CPU
		{59A70841-BDA3-4C36-BAE5-C75696DA46EB}.Release|iPhoneSimulator.Build.0 = Release|Any CPU
		{59A70841-BDA3-4C36-BAE5-C75696DA46EB}.Release|iPhoneSimulator.Deploy.0 = Release|Any CPU
		{59A70841-BDA3-4C36-BAE5-C75696DA46EB}.Release|x64.ActiveCfg = Release|x64
		{59A70841-BDA3-4C36-BAE5-C75696DA46EB}.Release|x64.Build.0 = Release|x64
		{59A70841-BDA3-4C36-BAE5-C75696DA46EB}.Release|x64.Deploy.0 = Release|x64
		{59A70841-BDA3-4C36-BAE5-C75696DA46EB}.Release|x86.ActiveCfg = Release|x86
		{59A70841-BDA3-4C36-BAE5-C75696DA46EB}.Release|x86.Build.0 = Release|x86
		{59A70841-BDA3-4C36-BAE5-C75696DA46EB}.Release|x86.Deploy.0 = Release|x86
		{8A102C39-C3ED-42AA-8A5F-4329314E99E2}.Ad-Hoc|Any CPU.ActiveCfg = Release|Any CPU
		{8A102C39-C3ED-42AA-8A5F-4329314E99E2}.Ad-Hoc|Any CPU.Build.0 = Release|Any CPU
		{8A102C39-C3ED-42AA-8A5F-4329314E99E2}.Ad-Hoc|ARM.ActiveCfg = Release|Any CPU
		{8A102C39-C3ED-42AA-8A5F-4329314E99E2}.Ad-Hoc|ARM.Build.0 = Release|Any CPU
		{8A102C39-C3ED-42AA-8A5F-4329314E99E2}.Ad-Hoc|iPhone.ActiveCfg = Release|Any CPU
		{8A102C39-C3ED-42AA-8A5F-4329314E99E2}.Ad-Hoc|iPhone.Build.0 = Release|Any CPU
		{8A102C39-C3ED-42AA-8A5F-4329314E99E2}.Ad-Hoc|iPhoneSimulator.ActiveCfg = Release|Any CPU
		{8A102C39-C3ED-42AA-8A5F-4329314E99E2}.Ad-Hoc|iPhoneSimulator.Build.0 = Release|Any CPU
		{8A102C39-C3ED-42AA-8A5F-4329314E99E2}.Ad-Hoc|x64.ActiveCfg = Release|Any CPU
		{8A102C39-C3ED-42AA-8A5F-4329314E99E2}.Ad-Hoc|x64.Build.0 = Release|Any CPU
		{8A102C39-C3ED-42AA-8A5F-4329314E99E2}.Ad-Hoc|x86.ActiveCfg = Release|Any CPU
		{8A102C39-C3ED-42AA-8A5F-4329314E99E2}.Ad-Hoc|x86.Build.0 = Release|Any CPU
		{8A102C39-C3ED-42AA-8A5F-4329314E99E2}.AppStore|Any CPU.ActiveCfg = Release|Any CPU
		{8A102C39-C3ED-42AA-8A5F-4329314E99E2}.AppStore|Any CPU.Build.0 = Release|Any CPU
		{8A102C39-C3ED-42AA-8A5F-4329314E99E2}.AppStore|ARM.ActiveCfg = Release|Any CPU
		{8A102C39-C3ED-42AA-8A5F-4329314E99E2}.AppStore|ARM.Build.0 = Release|Any CPU
		{8A102C39-C3ED-42AA-8A5F-4329314E99E2}.AppStore|iPhone.ActiveCfg = Release|Any CPU
		{8A102C39-C3ED-42AA-8A5F-4329314E99E2}.AppStore|iPhone.Build.0 = Release|Any CPU
		{8A102C39-C3ED-42AA-8A5F-4329314E99E2}.AppStore|iPhoneSimulator.ActiveCfg = Release|Any CPU
		{8A102C39-C3ED-42AA-8A5F-4329314E99E2}.AppStore|iPhoneSimulator.Build.0 = Release|Any CPU
		{8A102C39-C3ED-42AA-8A5F-4329314E99E2}.AppStore|x64.ActiveCfg = Release|Any CPU
		{8A102C39-C3ED-42AA-8A5F-4329314E99E2}.AppStore|x64.Build.0 = Release|Any CPU
		{8A102C39-C3ED-42AA-8A5F-4329314E99E2}.AppStore|x86.ActiveCfg = Release|Any CPU
		{8A102C39-C3ED-42AA-8A5F-4329314E99E2}.AppStore|x86.Build.0 = Release|Any CPU
		{8A102C39-C3ED-42AA-8A5F-4329314E99E2}.Debug|Any CPU.ActiveCfg = Debug|Any CPU
		{8A102C39-C3ED-42AA-8A5F-4329314E99E2}.Debug|Any CPU.Build.0 = Debug|Any CPU
		{8A102C39-C3ED-42AA-8A5F-4329314E99E2}.Debug|ARM.ActiveCfg = Debug|Any CPU
		{8A102C39-C3ED-42AA-8A5F-4329314E99E2}.Debug|ARM.Build.0 = Debug|Any CPU
		{8A102C39-C3ED-42AA-8A5F-4329314E99E2}.Debug|iPhone.ActiveCfg = Debug|Any CPU
		{8A102C39-C3ED-42AA-8A5F-4329314E99E2}.Debug|iPhone.Build.0 = Debug|Any CPU
		{8A102C39-C3ED-42AA-8A5F-4329314E99E2}.Debug|iPhoneSimulator.ActiveCfg = Debug|Any CPU
		{8A102C39-C3ED-42AA-8A5F-4329314E99E2}.Debug|iPhoneSimulator.Build.0 = Debug|Any CPU
		{8A102C39-C3ED-42AA-8A5F-4329314E99E2}.Debug|x64.ActiveCfg = Debug|Any CPU
		{8A102C39-C3ED-42AA-8A5F-4329314E99E2}.Debug|x64.Build.0 = Debug|Any CPU
		{8A102C39-C3ED-42AA-8A5F-4329314E99E2}.Debug|x86.ActiveCfg = Debug|Any CPU
		{8A102C39-C3ED-42AA-8A5F-4329314E99E2}.Debug|x86.Build.0 = Debug|Any CPU
		{8A102C39-C3ED-42AA-8A5F-4329314E99E2}.Release|Any CPU.ActiveCfg = Release|Any CPU
		{8A102C39-C3ED-42AA-8A5F-4329314E99E2}.Release|Any CPU.Build.0 = Release|Any CPU
		{8A102C39-C3ED-42AA-8A5F-4329314E99E2}.Release|ARM.ActiveCfg = Release|Any CPU
		{8A102C39-C3ED-42AA-8A5F-4329314E99E2}.Release|ARM.Build.0 = Release|Any CPU
		{8A102C39-C3ED-42AA-8A5F-4329314E99E2}.Release|iPhone.ActiveCfg = Release|Any CPU
		{8A102C39-C3ED-42AA-8A5F-4329314E99E2}.Release|iPhone.Build.0 = Release|Any CPU
		{8A102C39-C3ED-42AA-8A5F-4329314E99E2}.Release|iPhoneSimulator.ActiveCfg = Release|Any CPU
		{8A102C39-C3ED-42AA-8A5F-4329314E99E2}.Release|iPhoneSimulator.Build.0 = Release|Any CPU
		{8A102C39-C3ED-42AA-8A5F-4329314E99E2}.Release|x64.ActiveCfg = Release|Any CPU
		{8A102C39-C3ED-42AA-8A5F-4329314E99E2}.Release|x64.Build.0 = Release|Any CPU
		{8A102C39-C3ED-42AA-8A5F-4329314E99E2}.Release|x86.ActiveCfg = Release|Any CPU
		{8A102C39-C3ED-42AA-8A5F-4329314E99E2}.Release|x86.Build.0 = Release|Any CPU
	EndGlobalSection
	GlobalSection(SolutionProperties) = preSolution
		HideSolutionNode = FALSE
	EndGlobalSection
EndGlobal
